
Microsoft Visual Studio Solution File, Format Version 12.00
# Visual Studio Version 17
VisualStudioVersion = 17.11.35327.3
MinimumVisualStudioVersion = 10.0.40219.1
Project("{FAE04EC0-301F-11D3-BF4B-00C04F79EFBC}") = "WEB car sale", "WEB car sale\WEB car sale.csproj", "{1DA06BF2-D5CF-4D1D-A82E-12C63E58A6D9}"
EndProject
Project("{FAE04EC0-301F-11D3-BF4B-00C04F79EFBC}") = "WEB car sale.Core", "WEB car sale.Core\WEB car sale.Core.csproj", "{2359F8A2-37E3-4797-B573-49DEBC3D3440}"
EndProject
Project("{FAE04EC0-301F-11D3-BF4B-00C04F79EFBC}") = "WEB car sale.DataBaseAccess", "WEB car sale.DataBaseAccess\WEB car sale.DataBaseAccess.csproj", "{AA97CF7A-A38B-4FB6-9CA8-25D4FC1993E0}"
EndProject
Global
	GlobalSection(SolutionConfigurationPlatforms) = preSolution
		Debug|Any CPU = Debug|Any CPU
		Release|Any CPU = Release|Any CPU
	EndGlobalSection
	GlobalSection(ProjectConfigurationPlatforms) = postSolution
		{1DA06BF2-D5CF-4D1D-A82E-12C63E58A6D9}.Debug|Any CPU.ActiveCfg = Debug|Any CPU
		{1DA06BF2-D5CF-4D1D-A82E-12C63E58A6D9}.Debug|Any CPU.Build.0 = Debug|Any CPU
		{1DA06BF2-D5CF-4D1D-A82E-12C63E58A6D9}.Release|Any CPU.ActiveCfg = Release|Any CPU
		{1DA06BF2-D5CF-4D1D-A82E-12C63E58A6D9}.Release|Any CPU.Build.0 = Release|Any CPU
		{2359F8A2-37E3-4797-B573-49DEBC3D3440}.Debug|Any CPU.ActiveCfg = Debug|Any CPU
		{2359F8A2-37E3-4797-B573-49DEBC3D3440}.Debug|Any CPU.Build.0 = Debug|Any CPU
		{2359F8A2-37E3-4797-B573-49DEBC3D3440}.Release|Any CPU.ActiveCfg = Release|Any CPU
		{2359F8A2-37E3-4797-B573-49DEBC3D3440}.Release|Any CPU.Build.0 = Release|Any CPU
		{AA97CF7A-A38B-4FB6-9CA8-25D4FC1993E0}.Debug|Any CPU.ActiveCfg = Debug|Any CPU
		{AA97CF7A-A38B-4FB6-9CA8-25D4FC1993E0}.Debug|Any CPU.Build.0 = Debug|Any CPU
		{AA97CF7A-A38B-4FB6-9CA8-25D4FC1993E0}.Release|Any CPU.ActiveCfg = Release|Any CPU
		{AA97CF7A-A38B-4FB6-9CA8-25D4FC1993E0}.Release|Any CPU.Build.0 = Release|Any CPU
	EndGlobalSection
	GlobalSection(SolutionProperties) = preSolution
		HideSolutionNode = FALSE
	EndGlobalSection
	GlobalSection(ExtensibilityGlobals) = postSolution
		SolutionGuid = {ECF26E9E-B101-4E38-B891-6054E4B26604}
	EndGlobalSection
EndGlobal
